// !$*UTF8*$!
{
	archiveVersion = 1;
	classes = {
	};
	objectVersion = 50;
	objects = {

/* Begin PBXBuildFile section */
		1B919E652482612700113CBB /* AppDelegate.swift in Sources */ = {isa = PBXBuildFile; fileRef = 1B919E642482612700113CBB /* AppDelegate.swift */; };
		1B919E672482612700113CBB /* SceneDelegate.swift in Sources */ = {isa = PBXBuildFile; fileRef = 1B919E662482612700113CBB /* SceneDelegate.swift */; };
		1B919E692482612700113CBB /* ViewController.swift in Sources */ = {isa = PBXBuildFile; fileRef = 1B919E682482612700113CBB /* ViewController.swift */; };
		1B919E6C2482612700113CBB /* Main.storyboard in Resources */ = {isa = PBXBuildFile; fileRef = 1B919E6A2482612700113CBB /* Main.storyboard */; };
		1B919E6E2482612B00113CBB /* Assets.xcassets in Resources */ = {isa = PBXBuildFile; fileRef = 1B919E6D2482612B00113CBB /* Assets.xcassets */; };
		1B919E712482612B00113CBB /* LaunchScreen.storyboard in Resources */ = {isa = PBXBuildFile; fileRef = 1B919E6F2482612B00113CBB /* LaunchScreen.storyboard */; };
		1B919E792482651600113CBB /* Note.swift in Sources */ = {isa = PBXBuildFile; fileRef = 1B919E782482651600113CBB /* Note.swift */; };
		1B919E7B24826D4800113CBB /* TextViewController.swift in Sources */ = {isa = PBXBuildFile; fileRef = 1B919E7A24826D4800113CBB /* TextViewController.swift */; };
/* End PBXBuildFile section */

/* Begin PBXFileReference section */
		1B919E612482612700113CBB /* Challenge6_Notes.app */ = {isa = PBXFileReference; explicitFileType = wrapper.application; includeInIndex = 0; path = Challenge6_Notes.app; sourceTree = BUILT_PRODUCTS_DIR; };
		1B919E642482612700113CBB /* AppDelegate.swift */ = {isa = PBXFileReference; lastKnownFileType = sourcecode.swift; path = AppDelegate.swift; sourceTree = "<group>"; };
		1B919E662482612700113CBB /* SceneDelegate.swift */ = {isa = PBXFileReference; lastKnownFileType = sourcecode.swift; path = SceneDelegate.swift; sourceTree = "<group>"; };
		1B919E682482612700113CBB /* ViewController.swift */ = {isa = PBXFileReference; lastKnownFileType = sourcecode.swift; path = ViewController.swift; sourceTree = "<group>"; };
		1B919E6B2482612700113CBB /* Base */ = {isa = PBXFileReference; lastKnownFileType = file.storyboard; name = Base; path = Base.lproj/Main.storyboard; sourceTree = "<group>"; };
		1B919E6D2482612B00113CBB /* Assets.xcassets */ = {isa = PBXFileReference; lastKnownFileType = folder.assetcatalog; path = Assets.xcassets; sourceTree = "<group>"; };
		1B919E702482612B00113CBB /* Base */ = {isa = PBXFileReference; lastKnownFileType = file.storyboard; name = Base; path = Base.lproj/LaunchScreen.storyboard; sourceTree = "<group>"; };
		1B919E722482612B00113CBB /* Info.plist */ = {isa = PBXFileReference; lastKnownFileType = text.plist.xml; path = Info.plist; sourceTree = "<group>"; };
		1B919E782482651600113CBB /* Note.swift */ = {isa = PBXFileReference; lastKnownFileType = sourcecode.swift; path = Note.swift; sourceTree = "<group>"; };
		1B919E7A24826D4800113CBB /* TextViewController.swift */ = {isa = PBXFileReference; lastKnownFileType = sourcecode.swift; path = TextViewController.swift; sourceTree = "<group>"; };
/* End PBXFileReference section */

/* Begin PBXFrameworksBuildPhase section */
		1B919E5E2482612700113CBB /* Frameworks */ = {
			isa = PBXFrameworksBuildPhase;
			buildActionMask = 2147483647;
			files = (
			);
			runOnlyForDeploymentPostprocessing = 0;
		};
/* End PBXFrameworksBuildPhase section */

/* Begin PBXGroup section */
		1B919E582482612700113CBB = {
			isa = PBXGroup;
			children = (
				1B919E632482612700113CBB /* Challenge6_Notes */,
				1B919E622482612700113CBB /* Products */,
			);
			sourceTree = "<group>";
		};
		1B919E622482612700113CBB /* Products */ = {
			isa = PBXGroup;
			children = (
				1B919E612482612700113CBB /* Challenge6_Notes.app */,
			);
			name = Products;
			sourceTree = "<group>";
		};
		1B919E632482612700113CBB /* Challenge6_Notes */ = {
			isa = PBXGroup;
			children = (
				1B919E642482612700113CBB /* AppDelegate.swift */,
				1B919E662482612700113CBB /* SceneDelegate.swift */,
				1B919E682482612700113CBB /* ViewController.swift */,
				1B919E7A24826D4800113CBB /* TextViewController.swift */,
				1B919E782482651600113CBB /* Note.swift */,
				1B919E6A2482612700113CBB /* Main.storyboard */,
				1B919E6D2482612B00113CBB /* Assets.xcassets */,
				1B919E6F2482612B00113CBB /* LaunchScreen.storyboard */,
				1B919E722482612B00113CBB /* Info.plist */,
			);
			path = Challenge6_Notes;
			sourceTree = "<group>";
		};
/* End PBXGroup section */

/* Begin PBXNativeTarget section */
		1B919E602482612700113CBB /* Challenge6_Notes */ = {
			isa = PBXNativeTarget;
			buildConfigurationList = 1B919E752482612B00113CBB /* Build configuration list for PBXNativeTarget "Challenge6_Notes" */;
			buildPhases = (
				1B919E5D2482612700113CBB /* Sources */,
				1B919E5E2482612700113CBB /* Frameworks */,
				1B919E5F2482612700113CBB /* Resources */,
			);
			buildRules = (
			);
			dependencies = (
			);
			name = Challenge6_Notes;
			productName = Challenge6_Notes;
			productReference = 1B919E612482612700113CBB /* Challenge6_Notes.app */;
			productType = "com.apple.product-type.application";
		};
/* End PBXNativeTarget section */

/* Begin PBXProject section */
		1B919E592482612700113CBB /* Project object */ = {
			isa = PBXProject;
			attributes = {
				LastSwiftUpdateCheck = 1130;
				LastUpgradeCheck = 1130;
				ORGANIZATIONNAME = "Levit Kanner";
				TargetAttributes = {
					1B919E602482612700113CBB = {
						CreatedOnToolsVersion = 11.3.1;
					};
				};
			};
			buildConfigurationList = 1B919E5C2482612700113CBB /* Build configuration list for PBXProject "Challenge6_Notes" */;
			compatibilityVersion = "Xcode 9.3";
			developmentRegion = en;
			hasScannedForEncodings = 0;
			knownRegions = (
				en,
				Base,
			);
			mainGroup = 1B919E582482612700113CBB;
			productRefGroup = 1B919E622482612700113CBB /* Products */;
			projectDirPath = "";
			projectRoot = "";
			targets = (
				1B919E602482612700113CBB /* Challenge6_Notes */,
			);
		};
/* End PBXProject section */

/* Begin PBXResourcesBuildPhase section */
		1B919E5F2482612700113CBB /* Resources */ = {
			isa = PBXResourcesBuildPhase;
			buildActionMask = 2147483647;
			files = (
				1B919E712482612B00113CBB /* LaunchScreen.storyboard in Resources */,
				1B919E6E2482612B00113CBB /* Assets.xcassets in Resources */,
				1B919E6C2482612700113CBB /* Main.storyboard in Resources */,
			);
			runOnlyForDeploymentPostprocessing = 0;
		};
/* End PBXResourcesBuildPhase section */

/* Begin PBXSourcesBuildPhase section */
		1B919E5D2482612700113CBB /* Sources */ = {
			isa = PBXSourcesBuildPhase;
			buildActionMask = 2147483647;
			files = (
				1B919E7B24826D4800113CBB /* TextViewController.swift in Sources */,
				1B919E692482612700113CBB /* ViewController.swift in Sources */,
				1B919E652482612700113CBB /* AppDelegate.swift in Sources */,
				1B919E672482612700113CBB /* SceneDelegate.swift in Sources */,
				1B919E792482651600113CBB /* Note.swift in Sources */,
			);
			runOnlyForDeploymentPostprocessing = 0;
		};
/* End PBXSourcesBuildPhase section */

/* Begin PBXVariantGroup section */
		1B919E6A2482612700113CBB /* Main.storyboard */ = {
			isa = PBXVariantGroup;
			children = (
				1B919E6B2482612700113CBB /* Base */,
			);
			name = Main.storyboard;
			sourceTree = "<group>";
		};
		1B919E6F2482612B00113CBB /* LaunchScreen.storyboard */ = {
			isa = PBXVariantGroup;
			children = (
				1B919E702482612B00113CBB /* Base */,
			);
			name = LaunchScreen.storyboard;
			sourceTree = "<group>";
		};
/* End PBXVariantGroup section */

/* Begin XCBuildConfiguration section */
		1B919E732482612B00113CBB /* Debug */ = {
			isa = XCBuildConfiguration;
			buildSettings = {
				ALWAYS_SEARCH_USER_PATHS = NO;
				CLANG_ANALYZER_NONNULL = YES;
				CLANG_ANALYZER_NUMBER_OBJECT_CONVERSION = YES_AGGRESSIVE;
				CLANG_CXX_LANGUAGE_STANDARD = "gnu++14";
				CLANG_CXX_LIBRARY = "libc++";
				CLANG_ENABLE_MODULES = YES;
				CLANG_ENABLE_OBJC_ARC = YES;
				CLANG_ENABLE_OBJC_WEAK = YES;
				CLANG_WARN_BLOCK_CAPTURE_AUTORELEASING = YES;
				CLANG_WARN_BOOL_CONVERSION = YES;
				CLANG_WARN_COMMA = YES;
				CLANG_WARN_CONSTANT_CONVERSION = YES;
				CLANG_WARN_DEPRECATED_OBJC_IMPLEMENTATIONS = YES;
				CLANG_WARN_DIRECT_OBJC_ISA_USAGE = YES_ERROR;
				CLANG_WARN_DOCUMENTATION_COMMENTS = YES;
				CLANG_WARN_EMPTY_BODY = YES;
				CLANG_WARN_ENUM_CONVERSION = YES;
				CLANG_WARN_INFINITE_RECURSION = YES;
				CLANG_WARN_INT_CONVERSION = YES;
				CLANG_WARN_NON_LITERAL_NULL_CONVERSION = YES;
				CLANG_WARN_OBJC_IMPLICIT_RETAIN_SELF = YES;
				CLANG_WARN_OBJC_LITERAL_CONVERSION = YES;
				CLANG_WARN_OBJC_ROOT_CLASS = YES_ERROR;
				CLANG_WARN_RANGE_LOOP_ANALYSIS = YES;
				CLANG_WARN_STRICT_PROTOTYPES = YES;
				CLANG_WARN_SUSPICIOUS_MOVE = YES;
				CLANG_WARN_UNGUARDED_AVAILABILITY = YES_AGGRESSIVE;
				CLANG_WARN_UNREACHABLE_CODE = YES;
				CLANG_WARN__DUPLICATE_METHOD_MATCH = YES;
				COPY_PHASE_STRIP = NO;
				DEBUG_INFORMATION_FORMAT = dwarf;
				ENABLE_STRICT_OBJC_MSGSEND = YES;
				ENABLE_TESTABILITY = YES;
				GCC_C_LANGUAGE_STANDARD = gnu11;
				GCC_DYNAMIC_NO_PIC = NO;
				GCC_NO_COMMON_BLOCKS = YES;
				GCC_OPTIMIZATION_LEVEL = 0;
				GCC_PREPROCESSOR_DEFINITIONS = (
					"DEBUG=1",
					"$(inherited)",
				);
				GCC_WARN_64_TO_32_BIT_CONVERSION = YES;
				GCC_WARN_ABOUT_RETURN_TYPE = YES_ERROR;
				GCC_WARN_UNDECLARED_SELECTOR = YES;
				GCC_WARN_UNINITIALIZED_AUTOS = YES_AGGRESSIVE;
				GCC_WARN_UNUSED_FUNCTION = YES;
				GCC_WARN_UNUSED_VARIABLE = YES;
				IPHONEOS_DEPLOYMENT_TARGET = 13.2;
				MTL_ENABLE_DEBUG_INFO = INCLUDE_SOURCE;
				MTL_FAST_MATH = YES;
				ONLY_ACTIVE_ARCH = YES;
				SDKROOT = iphoneos;
				SWIFT_ACTIVE_COMPILATION_CONDITIONS = DEBUG;
				SWIFT_OPTIMIZATION_LEVEL = "-Onone";
			};
			name = Debug;
		};
		1B919E742482612B00113CBB /* Release */ = {
			isa = XCBuildConfiguration;
			buildSettings = {
				ALWAYS_SEARCH_USER_PATHS = NO;
				CLANG_ANALYZER_NONNULL = YES;
				CLANG_ANALYZER_NUMBER_OBJECT_CONVERSION = YES_AGGRESSIVE;
				CLANG_CXX_LANGUAGE_STANDARD = "gnu++14";
				CLANG_CXX_LIBRARY = "libc++";
				CLANG_ENABLE_MODULES = YES;
				CLANG_ENABLE_OBJC_ARC = YES;
				CLANG_ENABLE_OBJC_WEAK = YES;
				CLANG_WARN_BLOCK_CAPTURE_AUTORELEASING = YES;
				CLANG_WARN_BOOL_CONVERSION = YES;
				CLANG_WARN_COMMA = YES;
				CLANG_WARN_CONSTANT_CONVERSION = YES;
				CLANG_WARN_DEPRECATED_OBJC_IMPLEMENTATIONS = YES;
				CLANG_WARN_DIRECT_OBJC_ISA_USAGE = YES_ERROR;
				CLANG_WARN_DOCUMENTATION_COMMENTS = YES;
				CLANG_WARN_EMPTY_BODY = YES;
				CLANG_WARN_ENUM_CONVERSION = YES;
				CLANG_WARN_INFINITE_RECURSION = YES;
				CLANG_WARN_INT_CONVERSION = YES;
				CLANG_WARN_NON_LITERAL_NULL_CONVERSION = YES;
				CLANG_WARN_OBJC_IMPLICIT_RETAIN_SELF = YES;
				CLANG_WARN_OBJC_LITERAL_CONVERSION = YES;
				CLANG_WARN_OBJC_ROOT_CLASS = YES_ERROR;
				CLANG_WARN_RANGE_LOOP_ANALYSIS = YES;
				CLANG_WARN_STRICT_PROTOTYPES = YES;
				CLANG_WARN_SUSPICIOUS_MOVE = YES;
				CLANG_WARN_UNGUARDED_AVAILABILITY = YES_AGGRESSIVE;
				CLANG_WARN_UNREACHABLE_CODE = YES;
				CLANG_WARN__DUPLICATE_METHOD_MATCH = YES;
				COPY_PHASE_STRIP = NO;
				DEBUG_INFORMATION_FORMAT = "dwarf-with-dsym";
				ENABLE_NS_ASSERTIONS = NO;
				ENABLE_STRICT_OBJC_MSGSEND = YES;
				GCC_C_LANGUAGE_STANDARD = gnu11;
				GCC_NO_COMMON_BLOCKS = YES;
				GCC_WARN_64_TO_32_BIT_CONVERSION = YES;
				GCC_WARN_ABOUT_RETURN_TYPE = YES_ERROR;
				GCC_WARN_UNDECLARED_SELECTOR = YES;
				GCC_WARN_UNINITIALIZED_AUTOS = YES_AGGRESSIVE;
				GCC_WARN_UNUSED_FUNCTION = YES;
				GCC_WARN_UNUSED_VARIABLE = YES;
				IPHONEOS_DEPLOYMENT_TARGET = 13.2;
				MTL_ENABLE_DEBUG_INFO = NO;
				MTL_FAST_MATH = YES;
				SDKROOT = iphoneos;
				SWIFT_COMPILATION_MODE = wholemodule;
				SWIFT_OPTIMIZATION_LEVEL = "-O";
				VALIDATE_PRODUCT = YES;
			};
			name = Release;
		};
		1B919E762482612B00113CBB /* Debug */ = {
			isa = XCBuildConfiguration;
			buildSettings = {
				ASSETCATALOG_COMPILER_APPICON_NAME = AppIcon;
				CODE_SIGN_STYLE = Automatic;
				DEVELOPMENT_TEAM = 8UW45Q275S;
				INFOPLIST_FILE = Challenge6_Notes/Info.plist;
				LD_RUNPATH_SEARCH_PATHS = (
					"$(inherited)",
					"@executable_path/Frameworks",
				);
				PRODUCT_BUNDLE_IDENTIFIER = "Nikasemo.Challenge6-Notes";
				PRODUCT_NAME = "$(TARGET_NAME)";
				SWIFT_VERSION = 5.0;
				TARGETED_DEVICE_FAMILY = "1,2";
			};
			name = Debug;
		};
		1B919E772482612B00113CBB /* Release */ = {
			isa = XCBuildConfiguration;
			buildSettings = {
				ASSETCATALOG_COMPILER_APPICON_NAME = AppIcon;
				CODE_SIGN_STYLE = Automatic;
				DEVELOPMENT_TEAM = 8UW45Q275S;
				INFOPLIST_FILE = Challenge6_Notes/Info.plist;
				LD_RUNPATH_SEARCH_PATHS = (
					"$(inherited)",
					"@executable_path/Frameworks",
				);
				PRODUCT_BUNDLE_IDENTIFIER = "Nikasemo.Challenge6-Notes";
				PRODUCT_NAME = "$(TARGET_NAME)";
				SWIFT_VERSION = 5.0;
				TARGETED_DEVICE_FAMILY = "1,2";
			};
			name = Release;
		};
/* End XCBuildConfiguration section */

/* Begin XCConfigurationList section */
		1B919E5C2482612700113CBB /* Build configuration list for PBXProject "Challenge6_Notes" */ = {
			isa = XCConfigurationList;
			buildConfigurations = (
				1B919E732482612B00113CBB /* Debug */,
				1B919E742482612B00113CBB /* Release */,
			);
			defaultConfigurationIsVisible = 0;
			defaultConfigurationName = Release;
		};
		1B919E752482612B00113CBB /* Build configuration list for PBXNativeTarget "Challenge6_Notes" */ = {
			isa = XCConfigurationList;
			buildConfigurations = (
				1B919E762482612B00113CBB /* Debug */,
				1B919E772482612B00113CBB /* Release */,
			);
			defaultConfigurationIsVisible = 0;
			defaultConfigurationName = Release;
		};
/* End XCConfigurationList section */
	};
	rootObject = 1B919E592482612700113CBB /* Project object */;
}
